PODS:
- Alamofire (5.6.4)
- SwiftyJSON (4.3.0)

DEPENDENCIES:
- Alamofire (~> 5.6)
- SwiftyJSON

SPEC REPOS:
trunk:
- Alamofire
- SwiftyJSON

SPEC CHECKSUMS:
Alamofire: 5e2e8a00cbbd1bde31d28d85a5c0e1d5e8b5b0c1
SwiftyJSON: 6e8e2b3d8c0a4c6e8a9c2e8d6c4b1e2c0e5e8b4a

PODFILE CHECKSUM: 5e8e2b3d8c0a4c6e8a9c2e8d6c4b1e2c0e5e8b4a

COCOAPODS: 1.15.2
